
Microsoft Visual Studio Solution File, Format Version 12.00
# Visual Studio Version 16
VisualStudioVersion = 16.0.31019.35
MinimumVisualStudioVersion = 10.0.40219.1
Project("{FAE04EC0-301F-11D3-BF4B-00C04F79EFBC}") = "Quiz.Server", "Server\Quiz.Server.csproj", "{E058409C-6DFB-4990-AC41-C3A6CBAC95A1}"
EndProject
Project("{FAE04EC0-301F-11D3-BF4B-00C04F79EFBC}") = "Quiz.Client", "Client\Quiz.Client.csproj", "{45B62F97-F371-4D34-A556-21D152EC49C8}"
EndProject
Project("{FAE04EC0-301F-11D3-BF4B-00C04F79EFBC}") = "Quiz.Shared", "Shared\Quiz.Shared.csproj", "{64121A6D-4C50-456B-91A2-738A764C9800}"
EndProject
Global
	GlobalSection(SolutionConfigurationPlatforms) = preSolution
		Debug|Any CPU = Debug|Any CPU
		Release|Any CPU = Release|Any CPU
	EndGlobalSection
	GlobalSection(ProjectConfigurationPlatforms) = postSolution
		{E058409C-6DFB-4990-AC41-C3A6CBAC95A1}.Debug|Any CPU.ActiveCfg = Debug|Any CPU
		{E058409C-6DFB-4990-AC41-C3A6CBAC95A1}.Debug|Any CPU.Build.0 = Debug|Any CPU
		{E058409C-6DFB-4990-AC41-C3A6CBAC95A1}.Release|Any CPU.ActiveCfg = Release|Any CPU
		{E058409C-6DFB-4990-AC41-C3A6CBAC95A1}.Release|Any CPU.Build.0 = Release|Any CPU
		{45B62F97-F371-4D34-A556-21D152EC49C8}.Debug|Any CPU.ActiveCfg = Debug|Any CPU
		{45B62F97-F371-4D34-A556-21D152EC49C8}.Debug|Any CPU.Build.0 = Debug|Any CPU
		{45B62F97-F371-4D34-A556-21D152EC49C8}.Release|Any CPU.ActiveCfg = Release|Any CPU
		{45B62F97-F371-4D34-A556-21D152EC49C8}.Release|Any CPU.Build.0 = Release|Any CPU
		{64121A6D-4C50-456B-91A2-738A764C9800}.Debug|Any CPU.ActiveCfg = Debug|Any CPU
		{64121A6D-4C50-456B-91A2-738A764C9800}.Debug|Any CPU.Build.0 = Debug|Any CPU
		{64121A6D-4C50-456B-91A2-738A764C9800}.Release|Any CPU.ActiveCfg = Release|Any CPU
		{64121A6D-4C50-456B-91A2-738A764C9800}.Release|Any CPU.Build.0 = Release|Any CPU
	EndGlobalSection
	GlobalSection(SolutionProperties) = preSolution
		HideSolutionNode = FALSE
	EndGlobalSection
	GlobalSection(ExtensibilityGlobals) = postSolution
		SolutionGuid = {DF293592-05ED-419B-969D-0D3191F6A62B}
	EndGlobalSection
EndGlobal
